
Microsoft Visual Studio Solution File, Format Version 12.00
# Visual Studio Version 17
VisualStudioVersion = 17.8.34316.72
MinimumVisualStudioVersion = 10.0.40219.1
Project("{9A19103F-16F7-4668-BE54-9A1E7A4F7556}") = "Cocktails.API", "Cocktails.API\Cocktails.API.csproj", "{B4E8F1DA-826F-4FFA-A004-D89F7E3F9605}"
EndProject
Project("{9A19103F-16F7-4668-BE54-9A1E7A4F7556}") = "Cocktails.Client", "Cocktails.Client\Cocktails.Client.csproj", "{5D13DF10-47D5-488B-9B77-98C730B1D677}"
EndProject
Project("{9A19103F-16F7-4668-BE54-9A1E7A4F7556}") = "Cocktails.Model", "Cocktails.Model\Cocktails.Model.csproj", "{B673D824-0ACA-4D4D-B4F3-8D9242B2BB73}"
EndProject
Project("{9A19103F-16F7-4668-BE54-9A1E7A4F7556}") = "Orga.Idp", "Orga.Idp\Orga.Idp.csproj", "{4DC3150B-3AFE-4EEB-B07D-A2C27D5F36A2}"
EndProject
Project("{FAE04EC0-301F-11D3-BF4B-00C04F79EFBC}") = "Cocktails.Authorization", "Cocktails.Authorization\Cocktails.Authorization.csproj", "{D5941552-1530-46BB-9529-99ABC5104B18}"
EndProject
Global
	GlobalSection(SolutionConfigurationPlatforms) = preSolution
		Debug|Any CPU = Debug|Any CPU
		Release|Any CPU = Release|Any CPU
	EndGlobalSection
	GlobalSection(ProjectConfigurationPlatforms) = postSolution
		{B4E8F1DA-826F-4FFA-A004-D89F7E3F9605}.Debug|Any CPU.ActiveCfg = Debug|Any CPU
		{B4E8F1DA-826F-4FFA-A004-D89F7E3F9605}.Debug|Any CPU.Build.0 = Debug|Any CPU
		{B4E8F1DA-826F-4FFA-A004-D89F7E3F9605}.Release|Any CPU.ActiveCfg = Release|Any CPU
		{B4E8F1DA-826F-4FFA-A004-D89F7E3F9605}.Release|Any CPU.Build.0 = Release|Any CPU
		{5D13DF10-47D5-488B-9B77-98C730B1D677}.Debug|Any CPU.ActiveCfg = Debug|Any CPU
		{5D13DF10-47D5-488B-9B77-98C730B1D677}.Debug|Any CPU.Build.0 = Debug|Any CPU
		{5D13DF10-47D5-488B-9B77-98C730B1D677}.Release|Any CPU.ActiveCfg = Release|Any CPU
		{5D13DF10-47D5-488B-9B77-98C730B1D677}.Release|Any CPU.Build.0 = Release|Any CPU
		{B673D824-0ACA-4D4D-B4F3-8D9242B2BB73}.Debug|Any CPU.ActiveCfg = Debug|Any CPU
		{B673D824-0ACA-4D4D-B4F3-8D9242B2BB73}.Debug|Any CPU.Build.0 = Debug|Any CPU
		{B673D824-0ACA-4D4D-B4F3-8D9242B2BB73}.Release|Any CPU.ActiveCfg = Release|Any CPU
		{B673D824-0ACA-4D4D-B4F3-8D9242B2BB73}.Release|Any CPU.Build.0 = Release|Any CPU
		{4DC3150B-3AFE-4EEB-B07D-A2C27D5F36A2}.Debug|Any CPU.ActiveCfg = Debug|Any CPU
		{4DC3150B-3AFE-4EEB-B07D-A2C27D5F36A2}.Debug|Any CPU.Build.0 = Debug|Any CPU
		{4DC3150B-3AFE-4EEB-B07D-A2C27D5F36A2}.Release|Any CPU.ActiveCfg = Release|Any CPU
		{4DC3150B-3AFE-4EEB-B07D-A2C27D5F36A2}.Release|Any CPU.Build.0 = Release|Any CPU
		{D5941552-1530-46BB-9529-99ABC5104B18}.Debug|Any CPU.ActiveCfg = Debug|Any CPU
		{D5941552-1530-46BB-9529-99ABC5104B18}.Debug|Any CPU.Build.0 = Debug|Any CPU
		{D5941552-1530-46BB-9529-99ABC5104B18}.Release|Any CPU.ActiveCfg = Release|Any CPU
		{D5941552-1530-46BB-9529-99ABC5104B18}.Release|Any CPU.Build.0 = Release|Any CPU
	EndGlobalSection
	GlobalSection(SolutionProperties) = preSolution
		HideSolutionNode = FALSE
	EndGlobalSection
	GlobalSection(ExtensibilityGlobals) = postSolution
		SolutionGuid = {08774D0F-CC97-4A5D-B9B7-56C8862B3FFA}
	EndGlobalSection
EndGlobal
